// !$*UTF8*$!
{
	archiveVersion = 1;
	classes = {
	};
	objectVersion = 55;
	objects = {

/* Begin PBXBuildFile section */
		5F0C10892889E27500C3426A /* BestCapturedLivePhotoApp.swift in Sources */ = {isa = PBXBuildFile; fileRef = 5F0C10882889E27500C3426A /* BestCapturedLivePhotoApp.swift */; };
		5F0C108D2889E27D00C3426A /* Assets.xcassets in Resources */ = {isa = PBXBuildFile; fileRef = 5F0C108C2889E27D00C3426A /* Assets.xcassets */; };
		5F0C10902889E27D00C3426A /* Preview Assets.xcassets in Resources */ = {isa = PBXBuildFile; fileRef = 5F0C108F2889E27D00C3426A /* Preview Assets.xcassets */; };
		5F0C10922889E27D00C3426A /* Persistence.swift in Sources */ = {isa = PBXBuildFile; fileRef = 5F0C10912889E27D00C3426A /* Persistence.swift */; };
		5F0C10952889E27D00C3426A /* BestCapturedLivePhoto.xcdatamodeld in Sources */ = {isa = PBXBuildFile; fileRef = 5F0C10932889E27D00C3426A /* BestCapturedLivePhoto.xcdatamodeld */; };
		5F0C109F2889E27D00C3426A /* BestCapturedLivePhotoTests.swift in Sources */ = {isa = PBXBuildFile; fileRef = 5F0C109E2889E27D00C3426A /* BestCapturedLivePhotoTests.swift */; };
		5F0C10A92889E27D00C3426A /* BestCapturedLivePhotoUITests.swift in Sources */ = {isa = PBXBuildFile; fileRef = 5F0C10A82889E27D00C3426A /* BestCapturedLivePhotoUITests.swift */; };
		5F0C10AB2889E27D00C3426A /* BestCapturedLivePhotoUITestsLaunchTests.swift in Sources */ = {isa = PBXBuildFile; fileRef = 5F0C10AA2889E27D00C3426A /* BestCapturedLivePhotoUITestsLaunchTests.swift */; };
		5F0C10F8288A874700C3426A /* HomeView.swift in Sources */ = {isa = PBXBuildFile; fileRef = 5F0C10F7288A874700C3426A /* HomeView.swift */; };
		5F50F74D288A97FB00BEFBB7 /* LivePhotoViewModel.swift in Sources */ = {isa = PBXBuildFile; fileRef = 5F50F74C288A97FB00BEFBB7 /* LivePhotoViewModel.swift */; };
		5F50F74F288AA04D00BEFBB7 /* ImacePicker.swift in Sources */ = {isa = PBXBuildFile; fileRef = 5F50F74E288AA04D00BEFBB7 /* ImacePicker.swift */; };
		5F50F751288AA6D000BEFBB7 /* ImageData.swift in Sources */ = {isa = PBXBuildFile; fileRef = 5F50F750288AA6D000BEFBB7 /* ImageData.swift */; };
		5FF0F144288C1EFD0056FCCE /* PhotoListViewModel.swift in Sources */ = {isa = PBXBuildFile; fileRef = 5FF0F143288C1EFD0056FCCE /* PhotoListViewModel.swift */; };
/* End PBXBuildFile section */

/* Begin PBXContainerItemProxy section */
		5F0C109B2889E27D00C3426A /* PBXContainerItemProxy */ = {
			isa = PBXContainerItemProxy;
			containerPortal = 5F0C107D2889E27500C3426A /* Project object */;
			proxyType = 1;
			remoteGlobalIDString = 5F0C10842889E27500C3426A;
			remoteInfo = BestCapturedLivePhoto;
		};
		5F0C10A52889E27D00C3426A /* PBXContainerItemProxy */ = {
			isa = PBXContainerItemProxy;
			containerPortal = 5F0C107D2889E27500C3426A /* Project object */;
			proxyType = 1;
			remoteGlobalIDString = 5F0C10842889E27500C3426A;
			remoteInfo = BestCapturedLivePhoto;
		};
/* End PBXContainerItemProxy section */

/* Begin PBXFileReference section */
		5F0C10852889E27500C3426A /* BestCapturedLivePhoto.app */ = {isa = PBXFileReference; explicitFileType = wrapper.application; includeInIndex = 0; path = BestCapturedLivePhoto.app; sourceTree = BUILT_PRODUCTS_DIR; };
		5F0C10882889E27500C3426A /* BestCapturedLivePhotoApp.swift */ = {isa = PBXFileReference; lastKnownFileType = sourcecode.swift; path = BestCapturedLivePhotoApp.swift; sourceTree = "<group>"; };
		5F0C108C2889E27D00C3426A /* Assets.xcassets */ = {isa = PBXFileReference; lastKnownFileType = folder.assetcatalog; path = Assets.xcassets; sourceTree = "<group>"; };
		5F0C108F2889E27D00C3426A /* Preview Assets.xcassets */ = {isa = PBXFileReference; lastKnownFileType = folder.assetcatalog; path = "Preview Assets.xcassets"; sourceTree = "<group>"; };
		5F0C10912889E27D00C3426A /* Persistence.swift */ = {isa = PBXFileReference; lastKnownFileType = sourcecode.swift; path = Persistence.swift; sourceTree = "<group>"; };
		5F0C10942889E27D00C3426A /* BestCapturedLivePhoto.xcdatamodel */ = {isa = PBXFileReference; lastKnownFileType = wrapper.xcdatamodel; path = BestCapturedLivePhoto.xcdatamodel; sourceTree = "<group>"; };
		5F0C109A2889E27D00C3426A /* BestCapturedLivePhotoTests.xctest */ = {isa = PBXFileReference; explicitFileType = wrapper.cfbundle; includeInIndex = 0; path = BestCapturedLivePhotoTests.xctest; sourceTree = BUILT_PRODUCTS_DIR; };
		5F0C109E2889E27D00C3426A /* BestCapturedLivePhotoTests.swift */ = {isa = PBXFileReference; lastKnownFileType = sourcecode.swift; path = BestCapturedLivePhotoTests.swift; sourceTree = "<group>"; };
		5F0C10A42889E27D00C3426A /* BestCapturedLivePhotoUITests.xctest */ = {isa = PBXFileReference; explicitFileType = wrapper.cfbundle; includeInIndex = 0; path = BestCapturedLivePhotoUITests.xctest; sourceTree = BUILT_PRODUCTS_DIR; };
		5F0C10A82889E27D00C3426A /* BestCapturedLivePhotoUITests.swift */ = {isa = PBXFileReference; lastKnownFileType = sourcecode.swift; path = BestCapturedLivePhotoUITests.swift; sourceTree = "<group>"; };
		5F0C10AA2889E27D00C3426A /* BestCapturedLivePhotoUITestsLaunchTests.swift */ = {isa = PBXFileReference; lastKnownFileType = sourcecode.swift; path = BestCapturedLivePhotoUITestsLaunchTests.swift; sourceTree = "<group>"; };
		5F0C10F7288A874700C3426A /* HomeView.swift */ = {isa = PBXFileReference; lastKnownFileType = sourcecode.swift; path = HomeView.swift; sourceTree = "<group>"; };
		5F50F74C288A97FB00BEFBB7 /* LivePhotoViewModel.swift */ = {isa = PBXFileReference; lastKnownFileType = sourcecode.swift; path = LivePhotoViewModel.swift; sourceTree = "<group>"; };
		5F50F74E288AA04D00BEFBB7 /* ImacePicker.swift */ = {isa = PBXFileReference; lastKnownFileType = sourcecode.swift; path = ImacePicker.swift; sourceTree = "<group>"; };
		5F50F750288AA6D000BEFBB7 /* ImageData.swift */ = {isa = PBXFileReference; lastKnownFileType = sourcecode.swift; path = ImageData.swift; sourceTree = "<group>"; };
		5FF0F143288C1EFD0056FCCE /* PhotoListViewModel.swift */ = {isa = PBXFileReference; lastKnownFileType = sourcecode.swift; path = PhotoListViewModel.swift; sourceTree = "<group>"; };
/* End PBXFileReference section */

/* Begin PBXFrameworksBuildPhase section */
		5F0C10822889E27500C3426A /* Frameworks */ = {
			isa = PBXFrameworksBuildPhase;
			buildActionMask = 2147483647;
			files = (
			);
			runOnlyForDeploymentPostprocessing = 0;
		};
		5F0C10972889E27D00C3426A /* Frameworks */ = {
			isa = PBXFrameworksBuildPhase;
			buildActionMask = 2147483647;
			files = (
			);
			runOnlyForDeploymentPostprocessing = 0;
		};
		5F0C10A12889E27D00C3426A /* Frameworks */ = {
			isa = PBXFrameworksBuildPhase;
			buildActionMask = 2147483647;
			files = (
			);
			runOnlyForDeploymentPostprocessing = 0;
		};
/* End PBXFrameworksBuildPhase section */

/* Begin PBXGroup section */
		5F0C107C2889E27500C3426A = {
			isa = PBXGroup;
			children = (
				5F0C10872889E27500C3426A /* BestCapturedLivePhoto */,
				5F0C109D2889E27D00C3426A /* BestCapturedLivePhotoTests */,
				5F0C10A72889E27D00C3426A /* BestCapturedLivePhotoUITests */,
				5F0C10862889E27500C3426A /* Products */,
			);
			sourceTree = "<group>";
		};
		5F0C10862889E27500C3426A /* Products */ = {
			isa = PBXGroup;
			children = (
				5F0C10852889E27500C3426A /* BestCapturedLivePhoto.app */,
				5F0C109A2889E27D00C3426A /* BestCapturedLivePhotoTests.xctest */,
				5F0C10A42889E27D00C3426A /* BestCapturedLivePhotoUITests.xctest */,
			);
			name = Products;
			sourceTree = "<group>";
		};
		5F0C10872889E27500C3426A /* BestCapturedLivePhoto */ = {
			isa = PBXGroup;
			children = (
				5F0C10F6288A86DA00C3426A /* Models */,
				5F0C10F9288A885F00C3426A /* BaseFiles */,
				5F0C10F5288A86D000C3426A /* Protocols */,
				5F0C10F4288A86C100C3426A /* ViewModels */,
				5F0C10F3288A86B800C3426A /* Views */,
				5F0C10882889E27500C3426A /* BestCapturedLivePhotoApp.swift */,
				5F0C108C2889E27D00C3426A /* Assets.xcassets */,
				5F0C10932889E27D00C3426A /* BestCapturedLivePhoto.xcdatamodeld */,
				5F0C108E2889E27D00C3426A /* Preview Content */,
			);
			path = BestCapturedLivePhoto;
			sourceTree = "<group>";
		};
		5F0C108E2889E27D00C3426A /* Preview Content */ = {
			isa = PBXGroup;
			children = (
				5F0C108F2889E27D00C3426A /* Preview Assets.xcassets */,
			);
			path = "Preview Content";
			sourceTree = "<group>";
		};
		5F0C109D2889E27D00C3426A /* BestCapturedLivePhotoTests */ = {
			isa = PBXGroup;
			children = (
				5F0C109E2889E27D00C3426A /* BestCapturedLivePhotoTests.swift */,
			);
			path = BestCapturedLivePhotoTests;
			sourceTree = "<group>";
		};
		5F0C10A72889E27D00C3426A /* BestCapturedLivePhotoUITests */ = {
			isa = PBXGroup;
			children = (
				5F0C10A82889E27D00C3426A /* BestCapturedLivePhotoUITests.swift */,
				5F0C10AA2889E27D00C3426A /* BestCapturedLivePhotoUITestsLaunchTests.swift */,
			);
			path = BestCapturedLivePhotoUITests;
			sourceTree = "<group>";
		};
		5F0C10F3288A86B800C3426A /* Views */ = {
			isa = PBXGroup;
			children = (
				5F0C10F7288A874700C3426A /* HomeView.swift */,
			);
			path = Views;
			sourceTree = "<group>";
		};
		5F0C10F4288A86C100C3426A /* ViewModels */ = {
			isa = PBXGroup;
			children = (
				5F50F74C288A97FB00BEFBB7 /* LivePhotoViewModel.swift */,
				5FF0F143288C1EFD0056FCCE /* PhotoListViewModel.swift */,
			);
			path = ViewModels;
			sourceTree = "<group>";
		};
		5F0C10F5288A86D000C3426A /* Protocols */ = {
			isa = PBXGroup;
			children = (
			);
			path = Protocols;
			sourceTree = "<group>";
		};
		5F0C10F6288A86DA00C3426A /* Models */ = {
			isa = PBXGroup;
			children = (
				5F50F750288AA6D000BEFBB7 /* ImageData.swift */,
			);
			path = Models;
			sourceTree = "<group>";
		};
		5F0C10F9288A885F00C3426A /* BaseFiles */ = {
			isa = PBXGroup;
			children = (
				5F0C10912889E27D00C3426A /* Persistence.swift */,
				5F50F74E288AA04D00BEFBB7 /* ImacePicker.swift */,
			);
			path = BaseFiles;
			sourceTree = "<group>";
		};
/* End PBXGroup section */

/* Begin PBXNativeTarget section */
		5F0C10842889E27500C3426A /* BestCapturedLivePhoto */ = {
			isa = PBXNativeTarget;
			buildConfigurationList = 5F0C10AE2889E27D00C3426A /* Build configuration list for PBXNativeTarget "BestCapturedLivePhoto" */;
			buildPhases = (
				5F0C10812889E27500C3426A /* Sources */,
				5F0C10822889E27500C3426A /* Frameworks */,
				5F0C10832889E27500C3426A /* Resources */,
			);
			buildRules = (
			);
			dependencies = (
			);
			name = BestCapturedLivePhoto;
			productName = BestCapturedLivePhoto;
			productReference = 5F0C10852889E27500C3426A /* BestCapturedLivePhoto.app */;
			productType = "com.apple.product-type.application";
		};
		5F0C10992889E27D00C3426A /* BestCapturedLivePhotoTests */ = {
			isa = PBXNativeTarget;
			buildConfigurationList = 5F0C10B12889E27D00C3426A /* Build configuration list for PBXNativeTarget "BestCapturedLivePhotoTests" */;
			buildPhases = (
				5F0C10962889E27D00C3426A /* Sources */,
				5F0C10972889E27D00C3426A /* Frameworks */,
				5F0C10982889E27D00C3426A /* Resources */,
			);
			buildRules = (
			);
			dependencies = (
				5F0C109C2889E27D00C3426A /* PBXTargetDependency */,
			);
			name = BestCapturedLivePhotoTests;
			productName = BestCapturedLivePhotoTests;
			productReference = 5F0C109A2889E27D00C3426A /* BestCapturedLivePhotoTests.xctest */;
			productType = "com.apple.product-type.bundle.unit-test";
		};
		5F0C10A32889E27D00C3426A /* BestCapturedLivePhotoUITests */ = {
			isa = PBXNativeTarget;
			buildConfigurationList = 5F0C10B42889E27D00C3426A /* Build configuration list for PBXNativeTarget "BestCapturedLivePhotoUITests" */;
			buildPhases = (
				5F0C10A02889E27D00C3426A /* Sources */,
				5F0C10A12889E27D00C3426A /* Frameworks */,
				5F0C10A22889E27D00C3426A /* Resources */,
			);
			buildRules = (
			);
			dependencies = (
				5F0C10A62889E27D00C3426A /* PBXTargetDependency */,
			);
			name = BestCapturedLivePhotoUITests;
			productName = BestCapturedLivePhotoUITests;
			productReference = 5F0C10A42889E27D00C3426A /* BestCapturedLivePhotoUITests.xctest */;
			productType = "com.apple.product-type.bundle.ui-testing";
		};
/* End PBXNativeTarget section */

/* Begin PBXProject section */
		5F0C107D2889E27500C3426A /* Project object */ = {
			isa = PBXProject;
			attributes = {
				BuildIndependentTargetsInParallel = 1;
				LastSwiftUpdateCheck = 1330;
				LastUpgradeCheck = 1330;
				TargetAttributes = {
					5F0C10842889E27500C3426A = {
						CreatedOnToolsVersion = 13.3;
					};
					5F0C10992889E27D00C3426A = {
						CreatedOnToolsVersion = 13.3;
						TestTargetID = 5F0C10842889E27500C3426A;
					};
					5F0C10A32889E27D00C3426A = {
						CreatedOnToolsVersion = 13.3;
						TestTargetID = 5F0C10842889E27500C3426A;
					};
				};
			};
			buildConfigurationList = 5F0C10802889E27500C3426A /* Build configuration list for PBXProject "BestCapturedLivePhoto" */;
			compatibilityVersion = "Xcode 13.0";
			developmentRegion = en;
			hasScannedForEncodings = 0;
			knownRegions = (
				en,
				Base,
			);
			mainGroup = 5F0C107C2889E27500C3426A;
			productRefGroup = 5F0C10862889E27500C3426A /* Products */;
			projectDirPath = "";
			projectRoot = "";
			targets = (
				5F0C10842889E27500C3426A /* BestCapturedLivePhoto */,
				5F0C10992889E27D00C3426A /* BestCapturedLivePhotoTests */,
				5F0C10A32889E27D00C3426A /* BestCapturedLivePhotoUITests */,
			);
		};
/* End PBXProject section */

/* Begin PBXResourcesBuildPhase section */
		5F0C10832889E27500C3426A /* Resources */ = {
			isa = PBXResourcesBuildPhase;
			buildActionMask = 2147483647;
			files = (
				5F0C10902889E27D00C3426A /* Preview Assets.xcassets in Resources */,
				5F0C108D2889E27D00C3426A /* Assets.xcassets in Resources */,
			);
			runOnlyForDeploymentPostprocessing = 0;
		};
		5F0C10982889E27D00C3426A /* Resources */ = {
			isa = PBXResourcesBuildPhase;
			buildActionMask = 2147483647;
			files = (
			);
			runOnlyForDeploymentPostprocessing = 0;
		};
		5F0C10A22889E27D00C3426A /* Resources */ = {
			isa = PBXResourcesBuildPhase;
			buildActionMask = 2147483647;
			files = (
			);
			runOnlyForDeploymentPostprocessing = 0;
		};
/* End PBXResourcesBuildPhase section */

/* Begin PBXSourcesBuildPhase section */
		5F0C10812889E27500C3426A /* Sources */ = {
			isa = PBXSourcesBuildPhase;
			buildActionMask = 2147483647;
			files = (
				5F0C10922889E27D00C3426A /* Persistence.swift in Sources */,
				5F0C10F8288A874700C3426A /* HomeView.swift in Sources */,
				5F0C10952889E27D00C3426A /* BestCapturedLivePhoto.xcdatamodeld in Sources */,
				5F0C10892889E27500C3426A /* BestCapturedLivePhotoApp.swift in Sources */,
				5F50F74D288A97FB00BEFBB7 /* LivePhotoViewModel.swift in Sources */,
				5FF0F144288C1EFD0056FCCE /* PhotoListViewModel.swift in Sources */,
				5F50F74F288AA04D00BEFBB7 /* ImacePicker.swift in Sources */,
				5F50F751288AA6D000BEFBB7 /* ImageData.swift in Sources */,
			);
			runOnlyForDeploymentPostprocessing = 0;
		};
		5F0C10962889E27D00C3426A /* Sources */ = {
			isa = PBXSourcesBuildPhase;
			buildActionMask = 2147483647;
			files = (
				5F0C109F2889E27D00C3426A /* BestCapturedLivePhotoTests.swift in Sources */,
			);
			runOnlyForDeploymentPostprocessing = 0;
		};
		5F0C10A02889E27D00C3426A /* Sources */ = {
			isa = PBXSourcesBuildPhase;
			buildActionMask = 2147483647;
			files = (
				5F0C10A92889E27D00C3426A /* BestCapturedLivePhotoUITests.swift in Sources */,
				5F0C10AB2889E27D00C3426A /* BestCapturedLivePhotoUITestsLaunchTests.swift in Sources */,
			);
			runOnlyForDeploymentPostprocessing = 0;
		};
/* End PBXSourcesBuildPhase section */

/* Begin PBXTargetDependency section */
		5F0C109C2889E27D00C3426A /* PBXTargetDependency */ = {
			isa = PBXTargetDependency;
			target = 5F0C10842889E27500C3426A /* BestCapturedLivePhoto */;
			targetProxy = 5F0C109B2889E27D00C3426A /* PBXContainerItemProxy */;
		};
		5F0C10A62889E27D00C3426A /* PBXTargetDependency */ = {
			isa = PBXTargetDependency;
			target = 5F0C10842889E27500C3426A /* BestCapturedLivePhoto */;
			targetProxy = 5F0C10A52889E27D00C3426A /* PBXContainerItemProxy */;
		};
/* End PBXTargetDependency section */

/* Begin XCBuildConfiguration section */
		5F0C10AC2889E27D00C3426A /* Debug */ = {
			isa = XCBuildConfiguration;
			buildSettings = {
				ALWAYS_SEARCH_USER_PATHS = NO;
				CLANG_ANALYZER_NONNULL = YES;
				CLANG_ANALYZER_NUMBER_OBJECT_CONVERSION = YES_AGGRESSIVE;
				CLANG_CXX_LANGUAGE_STANDARD = "gnu++17";
				CLANG_ENABLE_MODULES = YES;
				CLANG_ENABLE_OBJC_ARC = YES;
				CLANG_ENABLE_OBJC_WEAK = YES;
				CLANG_WARN_BLOCK_CAPTURE_AUTORELEASING = YES;
				CLANG_WARN_BOOL_CONVERSION = YES;
				CLANG_WARN_COMMA = YES;
				CLANG_WARN_CONSTANT_CONVERSION = YES;
				CLANG_WARN_DEPRECATED_OBJC_IMPLEMENTATIONS = YES;
				CLANG_WARN_DIRECT_OBJC_ISA_USAGE = YES_ERROR;
				CLANG_WARN_DOCUMENTATION_COMMENTS = YES;
				CLANG_WARN_EMPTY_BODY = YES;
				CLANG_WARN_ENUM_CONVERSION = YES;
				CLANG_WARN_INFINITE_RECURSION = YES;
				CLANG_WARN_INT_CONVERSION = YES;
				CLANG_WARN_NON_LITERAL_NULL_CONVERSION = YES;
				CLANG_WARN_OBJC_IMPLICIT_RETAIN_SELF = YES;
				CLANG_WARN_OBJC_LITERAL_CONVERSION = YES;
				CLANG_WARN_OBJC_ROOT_CLASS = YES_ERROR;
				CLANG_WARN_QUOTED_INCLUDE_IN_FRAMEWORK_HEADER = YES;
				CLANG_WARN_RANGE_LOOP_ANALYSIS = YES;
				CLANG_WARN_STRICT_PROTOTYPES = YES;
				CLANG_WARN_SUSPICIOUS_MOVE = YES;
				CLANG_WARN_UNGUARDED_AVAILABILITY = YES_AGGRESSIVE;
				CLANG_WARN_UNREACHABLE_CODE = YES;
				CLANG_WARN__DUPLICATE_METHOD_MATCH = YES;
				COPY_PHASE_STRIP = NO;
				DEBUG_INFORMATION_FORMAT = dwarf;
				ENABLE_STRICT_OBJC_MSGSEND = YES;
				ENABLE_TESTABILITY = YES;
				GCC_C_LANGUAGE_STANDARD = gnu11;
				GCC_DYNAMIC_NO_PIC = NO;
				GCC_NO_COMMON_BLOCKS = YES;
				GCC_OPTIMIZATION_LEVEL = 0;
				GCC_PREPROCESSOR_DEFINITIONS = (
					"DEBUG=1",
					"$(inherited)",
				);
				GCC_WARN_64_TO_32_BIT_CONVERSION = YES;
				GCC_WARN_ABOUT_RETURN_TYPE = YES_ERROR;
				GCC_WARN_UNDECLARED_SELECTOR = YES;
				GCC_WARN_UNINITIALIZED_AUTOS = YES_AGGRESSIVE;
				GCC_WARN_UNUSED_FUNCTION = YES;
				GCC_WARN_UNUSED_VARIABLE = YES;
				IPHONEOS_DEPLOYMENT_TARGET = 15.4;
				MTL_ENABLE_DEBUG_INFO = INCLUDE_SOURCE;
				MTL_FAST_MATH = YES;
				ONLY_ACTIVE_ARCH = YES;
				SDKROOT = iphoneos;
				SWIFT_ACTIVE_COMPILATION_CONDITIONS = DEBUG;
				SWIFT_OPTIMIZATION_LEVEL = "-Onone";
			};
			name = Debug;
		};
		5F0C10AD2889E27D00C3426A /* Release */ = {
			isa = XCBuildConfiguration;
			buildSettings = {
				ALWAYS_SEARCH_USER_PATHS = NO;
				CLANG_ANALYZER_NONNULL = YES;
				CLANG_ANALYZER_NUMBER_OBJECT_CONVERSION = YES_AGGRESSIVE;
				CLANG_CXX_LANGUAGE_STANDARD = "gnu++17";
				CLANG_ENABLE_MODULES = YES;
				CLANG_ENABLE_OBJC_ARC = YES;
				CLANG_ENABLE_OBJC_WEAK = YES;
				CLANG_WARN_BLOCK_CAPTURE_AUTORELEASING = YES;
				CLANG_WARN_BOOL_CONVERSION = YES;
				CLANG_WARN_COMMA = YES;
				CLANG_WARN_CONSTANT_CONVERSION = YES;
				CLANG_WARN_DEPRECATED_OBJC_IMPLEMENTATIONS = YES;
				CLANG_WARN_DIRECT_OBJC_ISA_USAGE = YES_ERROR;
				CLANG_WARN_DOCUMENTATION_COMMENTS = YES;
				CLANG_WARN_EMPTY_BODY = YES;
				CLANG_WARN_ENUM_CONVERSION = YES;
				CLANG_WARN_INFINITE_RECURSION = YES;
				CLANG_WARN_INT_CONVERSION = YES;
				CLANG_WARN_NON_LITERAL_NULL_CONVERSION = YES;
				CLANG_WARN_OBJC_IMPLICIT_RETAIN_SELF = YES;
				CLANG_WARN_OBJC_LITERAL_CONVERSION = YES;
				CLANG_WARN_OBJC_ROOT_CLASS = YES_ERROR;
				CLANG_WARN_QUOTED_INCLUDE_IN_FRAMEWORK_HEADER = YES;
				CLANG_WARN_RANGE_LOOP_ANALYSIS = YES;
				CLANG_WARN_STRICT_PROTOTYPES = YES;
				CLANG_WARN_SUSPICIOUS_MOVE = YES;
				CLANG_WARN_UNGUARDED_AVAILABILITY = YES_AGGRESSIVE;
				CLANG_WARN_UNREACHABLE_CODE = YES;
				CLANG_WARN__DUPLICATE_METHOD_MATCH = YES;
				COPY_PHASE_STRIP = NO;
				DEBUG_INFORMATION_FORMAT = "dwarf-with-dsym";
				ENABLE_NS_ASSERTIONS = NO;
				ENABLE_STRICT_OBJC_MSGSEND = YES;
				GCC_C_LANGUAGE_STANDARD = gnu11;
				GCC_NO_COMMON_BLOCKS = YES;
				GCC_WARN_64_TO_32_BIT_CONVERSION = YES;
				GCC_WARN_ABOUT_RETURN_TYPE = YES_ERROR;
				GCC_WARN_UNDECLARED_SELECTOR = YES;
				GCC_WARN_UNINITIALIZED_AUTOS = YES_AGGRESSIVE;
				GCC_WARN_UNUSED_FUNCTION = YES;
				GCC_WARN_UNUSED_VARIABLE = YES;
				IPHONEOS_DEPLOYMENT_TARGET = 15.4;
				MTL_ENABLE_DEBUG_INFO = NO;
				MTL_FAST_MATH = YES;
				SDKROOT = iphoneos;
				SWIFT_COMPILATION_MODE = wholemodule;
				SWIFT_OPTIMIZATION_LEVEL = "-O";
				VALIDATE_PRODUCT = YES;
			};
			name = Release;
		};
		5F0C10AF2889E27D00C3426A /* Debug */ = {
			isa = XCBuildConfiguration;
			buildSettings = {
				ASSETCATALOG_COMPILER_APPICON_NAME = AppIcon;
				ASSETCATALOG_COMPILER_GLOBAL_ACCENT_COLOR_NAME = AccentColor;
				CODE_SIGN_STYLE = Automatic;
				CURRENT_PROJECT_VERSION = 1;
				DEVELOPMENT_ASSET_PATHS = "\"BestCapturedLivePhoto/Preview Content\"";
				DEVELOPMENT_TEAM = PJ76Y6C4AM;
				ENABLE_PREVIEWS = YES;
				GENERATE_INFOPLIST_FILE = YES;
				INFOPLIST_KEY_UIApplicationSceneManifest_Generation = YES;
				INFOPLIST_KEY_UIApplicationSupportsIndirectInputEvents = YES;
				INFOPLIST_KEY_UILaunchScreen_Generation = YES;
				INFOPLIST_KEY_UISupportedInterfaceOrientations_iPad = "UIInterfaceOrientationPortrait UIInterfaceOrientationPortraitUpsideDown UIInterfaceOrientationLandscapeLeft UIInterfaceOrientationLandscapeRight";
				INFOPLIST_KEY_UISupportedInterfaceOrientations_iPhone = "UIInterfaceOrientationPortrait UIInterfaceOrientationLandscapeLeft UIInterfaceOrientationLandscapeRight";
				IPHONEOS_DEPLOYMENT_TARGET = 14.0;
				LD_RUNPATH_SEARCH_PATHS = (
					"$(inherited)",
					"@executable_path/Frameworks",
				);
				MARKETING_VERSION = 1.0;
				PRODUCT_BUNDLE_IDENTIFIER = com.edorfs.BestCapturedLivePhoto;
				PRODUCT_NAME = "$(TARGET_NAME)";
				SWIFT_EMIT_LOC_STRINGS = YES;
				SWIFT_VERSION = 5.0;
				TARGETED_DEVICE_FAMILY = "1,2";
			};
			name = Debug;
		};
		5F0C10B02889E27D00C3426A /* Release */ = {
			isa = XCBuildConfiguration;
			buildSettings = {
				ASSETCATALOG_COMPILER_APPICON_NAME = AppIcon;
				ASSETCATALOG_COMPILER_GLOBAL_ACCENT_COLOR_NAME = AccentColor;
				CODE_SIGN_STYLE = Automatic;
				CURRENT_PROJECT_VERSION = 1;
				DEVELOPMENT_ASSET_PATHS = "\"BestCapturedLivePhoto/Preview Content\"";
				DEVELOPMENT_TEAM = PJ76Y6C4AM;
				ENABLE_PREVIEWS = YES;
				GENERATE_INFOPLIST_FILE = YES;
				INFOPLIST_KEY_UIApplicationSceneManifest_Generation = YES;
				INFOPLIST_KEY_UIApplicationSupportsIndirectInputEvents = YES;
				INFOPLIST_KEY_UILaunchScreen_Generation = YES;
				INFOPLIST_KEY_UISupportedInterfaceOrientations_iPad = "UIInterfaceOrientationPortrait UIInterfaceOrientationPortraitUpsideDown UIInterfaceOrientationLandscapeLeft UIInterfaceOrientationLandscapeRight";
				INFOPLIST_KEY_UISupportedInterfaceOrientations_iPhone = "UIInterfaceOrientationPortrait UIInterfaceOrientationLandscapeLeft UIInterfaceOrientationLandscapeRight";
				IPHONEOS_DEPLOYMENT_TARGET = 14.0;
				LD_RUNPATH_SEARCH_PATHS = (
					"$(inherited)",
					"@executable_path/Frameworks",
				);
				MARKETING_VERSION = 1.0;
				PRODUCT_BUNDLE_IDENTIFIER = com.edorfs.BestCapturedLivePhoto;
				PRODUCT_NAME = "$(TARGET_NAME)";
				SWIFT_EMIT_LOC_STRINGS = YES;
				SWIFT_VERSION = 5.0;
				TARGETED_DEVICE_FAMILY = "1,2";
			};
			name = Release;
		};
		5F0C10B22889E27D00C3426A /* Debug */ = {
			isa = XCBuildConfiguration;
			buildSettings = {
				ALWAYS_EMBED_SWIFT_STANDARD_LIBRARIES = YES;
				BUNDLE_LOADER = "$(TEST_HOST)";
				CODE_SIGN_STYLE = Automatic;
				CURRENT_PROJECT_VERSION = 1;
				DEVELOPMENT_TEAM = PJ76Y6C4AM;
				GENERATE_INFOPLIST_FILE = YES;
				IPHONEOS_DEPLOYMENT_TARGET = 15.4;
				MARKETING_VERSION = 1.0;
				PRODUCT_BUNDLE_IDENTIFIER = com.edorfs.BestCapturedLivePhotoTests;
				PRODUCT_NAME = "$(TARGET_NAME)";
				SWIFT_EMIT_LOC_STRINGS = NO;
				SWIFT_VERSION = 5.0;
				TARGETED_DEVICE_FAMILY = "1,2";
				TEST_HOST = "$(BUILT_PRODUCTS_DIR)/BestCapturedLivePhoto.app/BestCapturedLivePhoto";
			};
			name = Debug;
		};
		5F0C10B32889E27D00C3426A /* Release */ = {
			isa = XCBuildConfiguration;
			buildSettings = {
				ALWAYS_EMBED_SWIFT_STANDARD_LIBRARIES = YES;
				BUNDLE_LOADER = "$(TEST_HOST)";
				CODE_SIGN_STYLE = Automatic;
				CURRENT_PROJECT_VERSION = 1;
				DEVELOPMENT_TEAM = PJ76Y6C4AM;
				GENERATE_INFOPLIST_FILE = YES;
				IPHONEOS_DEPLOYMENT_TARGET = 15.4;
				MARKETING_VERSION = 1.0;
				PRODUCT_BUNDLE_IDENTIFIER = com.edorfs.BestCapturedLivePhotoTests;
				PRODUCT_NAME = "$(TARGET_NAME)";
				SWIFT_EMIT_LOC_STRINGS = NO;
				SWIFT_VERSION = 5.0;
				TARGETED_DEVICE_FAMILY = "1,2";
				TEST_HOST = "$(BUILT_PRODUCTS_DIR)/BestCapturedLivePhoto.app/BestCapturedLivePhoto";
			};
			name = Release;
		};
		5F0C10B52889E27D00C3426A /* Debug */ = {
			isa = XCBuildConfiguration;
			buildSettings = {
				ALWAYS_EMBED_SWIFT_STANDARD_LIBRARIES = YES;
				CODE_SIGN_STYLE = Automatic;
				CURRENT_PROJECT_VERSION = 1;
				DEVELOPMENT_TEAM = PJ76Y6C4AM;
				GENERATE_INFOPLIST_FILE = YES;
				MARKETING_VERSION = 1.0;
				PRODUCT_BUNDLE_IDENTIFIER = com.edorfs.BestCapturedLivePhotoUITests;
				PRODUCT_NAME = "$(TARGET_NAME)";
				SWIFT_EMIT_LOC_STRINGS = NO;
				SWIFT_VERSION = 5.0;
				TARGETED_DEVICE_FAMILY = "1,2";
				TEST_TARGET_NAME = BestCapturedLivePhoto;
			};
			name = Debug;
		};
		5F0C10B62889E27D00C3426A /* Release */ = {
			isa = XCBuildConfiguration;
			buildSettings = {
				ALWAYS_EMBED_SWIFT_STANDARD_LIBRARIES = YES;
				CODE_SIGN_STYLE = Automatic;
				CURRENT_PROJECT_VERSION = 1;
				DEVELOPMENT_TEAM = PJ76Y6C4AM;
				GENERATE_INFOPLIST_FILE = YES;
				MARKETING_VERSION = 1.0;
				PRODUCT_BUNDLE_IDENTIFIER = com.edorfs.BestCapturedLivePhotoUITests;
				PRODUCT_NAME = "$(TARGET_NAME)";
				SWIFT_EMIT_LOC_STRINGS = NO;
				SWIFT_VERSION = 5.0;
				TARGETED_DEVICE_FAMILY = "1,2";
				TEST_TARGET_NAME = BestCapturedLivePhoto;
			};
			name = Release;
		};
/* End XCBuildConfiguration section */

/* Begin XCConfigurationList section */
		5F0C10802889E27500C3426A /* Build configuration list for PBXProject "BestCapturedLivePhoto" */ = {
			isa = XCConfigurationList;
			buildConfigurations = (
				5F0C10AC2889E27D00C3426A /* Debug */,
				5F0C10AD2889E27D00C3426A /* Release */,
			);
			defaultConfigurationIsVisible = 0;
			defaultConfigurationName = Release;
		};
		5F0C10AE2889E27D00C3426A /* Build configuration list for PBXNativeTarget "BestCapturedLivePhoto" */ = {
			isa = XCConfigurationList;
			buildConfigurations = (
				5F0C10AF2889E27D00C3426A /* Debug */,
				5F0C10B02889E27D00C3426A /* Release */,
			);
			defaultConfigurationIsVisible = 0;
			defaultConfigurationName = Release;
		};
		5F0C10B12889E27D00C3426A /* Build configuration list for PBXNativeTarget "BestCapturedLivePhotoTests" */ = {
			isa = XCConfigurationList;
			buildConfigurations = (
				5F0C10B22889E27D00C3426A /* Debug */,
				5F0C10B32889E27D00C3426A /* Release */,
			);
			defaultConfigurationIsVisible = 0;
			defaultConfigurationName = Release;
		};
		5F0C10B42889E27D00C3426A /* Build configuration list for PBXNativeTarget "BestCapturedLivePhotoUITests" */ = {
			isa = XCConfigurationList;
			buildConfigurations = (
				5F0C10B52889E27D00C3426A /* Debug */,
				5F0C10B62889E27D00C3426A /* Release */,
			);
			defaultConfigurationIsVisible = 0;
			defaultConfigurationName = Release;
		};
/* End XCConfigurationList section */

/* Begin XCVersionGroup section */
		5F0C10932889E27D00C3426A /* BestCapturedLivePhoto.xcdatamodeld */ = {
			isa = XCVersionGroup;
			children = (
				5F0C10942889E27D00C3426A /* BestCapturedLivePhoto.xcdatamodel */,
			);
			currentVersion = 5F0C10942889E27D00C3426A /* BestCapturedLivePhoto.xcdatamodel */;
			path = BestCapturedLivePhoto.xcdatamodeld;
			sourceTree = "<group>";
			versionGroupType = wrapper.xcdatamodel;
		};
/* End XCVersionGroup section */
	};
	rootObject = 5F0C107D2889E27500C3426A /* Project object */;
}
